// !$*UTF8*$!
{
	archiveVersion = 1;
	classes = {
	};
	objectVersion = 50;
	objects = {

/* Begin PBXBuildFile section */
		81878B0E25544510009A437C /* Settings.swift in Sources */ = {isa = PBXBuildFile; fileRef = 81878B0D25544510009A437C /* Settings.swift */; };
		81878B1125544522009A437C /* HomeView.swift in Sources */ = {isa = PBXBuildFile; fileRef = 81878B1025544522009A437C /* HomeView.swift */; };
		819B7D722553154E000C40DB /* Webview.swift in Sources */ = {isa = PBXBuildFile; fileRef = 819B7D712553154E000C40DB /* Webview.swift */; };
		819B7D78255315E4000C40DB /* URLExtension.swift in Sources */ = {isa = PBXBuildFile; fileRef = 819B7D77255315E4000C40DB /* URLExtension.swift */; };
		819B7D7C25531660000C40DB /* NetworkUtils.swift in Sources */ = {isa = PBXBuildFile; fileRef = 819B7D7B25531660000C40DB /* NetworkUtils.swift */; };
		81B0C854255301A800FC77C4 /* PlaylistTransfer.swift in Sources */ = {isa = PBXBuildFile; fileRef = 81B0C853255301A800FC77C4 /* PlaylistTransfer.swift */; };
		81B0C856255301A800FC77C4 /* ContentView.swift in Sources */ = {isa = PBXBuildFile; fileRef = 81B0C855255301A800FC77C4 /* ContentView.swift */; };
		81B0C858255301AA00FC77C4 /* Assets.xcassets in Resources */ = {isa = PBXBuildFile; fileRef = 81B0C857255301AA00FC77C4 /* Assets.xcassets */; };
		81B0C85B255301AA00FC77C4 /* Preview Assets.xcassets in Resources */ = {isa = PBXBuildFile; fileRef = 81B0C85A255301AA00FC77C4 /* Preview Assets.xcassets */; };
/* End PBXBuildFile section */

/* Begin PBXFileReference section */
		81878B0D25544510009A437C /* Settings.swift */ = {isa = PBXFileReference; lastKnownFileType = sourcecode.swift; path = Settings.swift; sourceTree = "<group>"; };
		81878B1025544522009A437C /* HomeView.swift */ = {isa = PBXFileReference; lastKnownFileType = sourcecode.swift; path = HomeView.swift; sourceTree = "<group>"; };
		819B7D712553154E000C40DB /* Webview.swift */ = {isa = PBXFileReference; lastKnownFileType = sourcecode.swift; path = Webview.swift; sourceTree = "<group>"; };
		819B7D77255315E4000C40DB /* URLExtension.swift */ = {isa = PBXFileReference; lastKnownFileType = sourcecode.swift; path = URLExtension.swift; sourceTree = "<group>"; };
		819B7D7B25531660000C40DB /* NetworkUtils.swift */ = {isa = PBXFileReference; lastKnownFileType = sourcecode.swift; path = NetworkUtils.swift; sourceTree = "<group>"; };
		81B0C850255301A800FC77C4 /* PlaylistTransfer.app */ = {isa = PBXFileReference; explicitFileType = wrapper.application; includeInIndex = 0; path = PlaylistTransfer.app; sourceTree = BUILT_PRODUCTS_DIR; };
		81B0C853255301A800FC77C4 /* PlaylistTransfer.swift */ = {isa = PBXFileReference; lastKnownFileType = sourcecode.swift; path = PlaylistTransfer.swift; sourceTree = "<group>"; };
		81B0C855255301A800FC77C4 /* ContentView.swift */ = {isa = PBXFileReference; lastKnownFileType = sourcecode.swift; path = ContentView.swift; sourceTree = "<group>"; };
		81B0C857255301AA00FC77C4 /* Assets.xcassets */ = {isa = PBXFileReference; lastKnownFileType = folder.assetcatalog; path = Assets.xcassets; sourceTree = "<group>"; };
		81B0C85A255301AA00FC77C4 /* Preview Assets.xcassets */ = {isa = PBXFileReference; lastKnownFileType = folder.assetcatalog; path = "Preview Assets.xcassets"; sourceTree = "<group>"; };
		81B0C85C255301AA00FC77C4 /* Info.plist */ = {isa = PBXFileReference; lastKnownFileType = text.plist.xml; path = Info.plist; sourceTree = "<group>"; };
/* End PBXFileReference section */

/* Begin PBXFrameworksBuildPhase section */
		81B0C84D255301A800FC77C4 /* Frameworks */ = {
			isa = PBXFrameworksBuildPhase;
			buildActionMask = 2147483647;
			files = (
			);
			runOnlyForDeploymentPostprocessing = 0;
		};
/* End PBXFrameworksBuildPhase section */

/* Begin PBXGroup section */
		819B7D7025531502000C40DB /* Views */ = {
			isa = PBXGroup;
			children = (
				81B0C855255301A800FC77C4 /* ContentView.swift */,
				819B7D712553154E000C40DB /* Webview.swift */,
				81878B0D25544510009A437C /* Settings.swift */,
				81878B1025544522009A437C /* HomeView.swift */,
			);
			path = Views;
			sourceTree = "<group>";
		};
		819B7D76255315C8000C40DB /* Extensions */ = {
			isa = PBXGroup;
			children = (
				819B7D77255315E4000C40DB /* URLExtension.swift */,
			);
			path = Extensions;
			sourceTree = "<group>";
		};
		819B7D7A2553162C000C40DB /* Utils */ = {
			isa = PBXGroup;
			children = (
				819B7D7B25531660000C40DB /* NetworkUtils.swift */,
			);
			path = Utils;
			sourceTree = "<group>";
		};
		81B0C847255301A800FC77C4 = {
			isa = PBXGroup;
			children = (
				81B0C852255301A800FC77C4 /* PlaylistTransfer */,
				81B0C851255301A800FC77C4 /* Products */,
			);
			sourceTree = "<group>";
		};
		81B0C851255301A800FC77C4 /* Products */ = {
			isa = PBXGroup;
			children = (
				81B0C850255301A800FC77C4 /* PlaylistTransfer.app */,
			);
			name = Products;
			sourceTree = "<group>";
		};
		81B0C852255301A800FC77C4 /* PlaylistTransfer */ = {
			isa = PBXGroup;
			children = (
				819B7D7A2553162C000C40DB /* Utils */,
				819B7D76255315C8000C40DB /* Extensions */,
				819B7D7025531502000C40DB /* Views */,
				81B0C853255301A800FC77C4 /* PlaylistTransfer.swift */,
				81B0C857255301AA00FC77C4 /* Assets.xcassets */,
				81B0C85C255301AA00FC77C4 /* Info.plist */,
				81B0C859255301AA00FC77C4 /* Preview Content */,
			);
			path = PlaylistTransfer;
			sourceTree = "<group>";
		};
		81B0C859255301AA00FC77C4 /* Preview Content */ = {
			isa = PBXGroup;
			children = (
				81B0C85A255301AA00FC77C4 /* Preview Assets.xcassets */,
			);
			path = "Preview Content";
			sourceTree = "<group>";
		};
/* End PBXGroup section */

/* Begin PBXNativeTarget section */
		81B0C84F255301A800FC77C4 /* PlaylistTransfer */ = {
			isa = PBXNativeTarget;
			buildConfigurationList = 81B0C85F255301AA00FC77C4 /* Build configuration list for PBXNativeTarget "PlaylistTransfer" */;
			buildPhases = (
				81B0C84C255301A800FC77C4 /* Sources */,
				81B0C84D255301A800FC77C4 /* Frameworks */,
				81B0C84E255301A800FC77C4 /* Resources */,
			);
			buildRules = (
			);
			dependencies = (
			);
			name = PlaylistTransfer;
			productName = PlatformMusicTransfer;
			productReference = 81B0C850255301A800FC77C4 /* PlaylistTransfer.app */;
			productType = "com.apple.product-type.application";
		};
/* End PBXNativeTarget section */

/* Begin PBXProject section */
		81B0C848255301A800FC77C4 /* Project object */ = {
			isa = PBXProject;
			attributes = {
				LastSwiftUpdateCheck = 1220;
				LastUpgradeCheck = 1220;
				TargetAttributes = {
					81B0C84F255301A800FC77C4 = {
						CreatedOnToolsVersion = 12.2;
					};
				};
			};
			buildConfigurationList = 81B0C84B255301A800FC77C4 /* Build configuration list for PBXProject "PlaylistTransfer" */;
			compatibilityVersion = "Xcode 9.3";
			developmentRegion = en;
			hasScannedForEncodings = 0;
			knownRegions = (
				en,
				Base,
			);
			mainGroup = 81B0C847255301A800FC77C4;
			productRefGroup = 81B0C851255301A800FC77C4 /* Products */;
			projectDirPath = "";
			projectRoot = "";
			targets = (
				81B0C84F255301A800FC77C4 /* PlaylistTransfer */,
			);
		};
/* End PBXProject section */

/* Begin PBXResourcesBuildPhase section */
		81B0C84E255301A800FC77C4 /* Resources */ = {
			isa = PBXResourcesBuildPhase;
			buildActionMask = 2147483647;
			files = (
				81B0C85B255301AA00FC77C4 /* Preview Assets.xcassets in Resources */,
				81B0C858255301AA00FC77C4 /* Assets.xcassets in Resources */,
			);
			runOnlyForDeploymentPostprocessing = 0;
		};
/* End PBXResourcesBuildPhase section */

/* Begin PBXSourcesBuildPhase section */
		81B0C84C255301A800FC77C4 /* Sources */ = {
			isa = PBXSourcesBuildPhase;
			buildActionMask = 2147483647;
			files = (
				81878B0E25544510009A437C /* Settings.swift in Sources */,
				81878B1125544522009A437C /* HomeView.swift in Sources */,
				819B7D722553154E000C40DB /* Webview.swift in Sources */,
				819B7D78255315E4000C40DB /* URLExtension.swift in Sources */,
				819B7D7C25531660000C40DB /* NetworkUtils.swift in Sources */,
				81B0C856255301A800FC77C4 /* ContentView.swift in Sources */,
				81B0C854255301A800FC77C4 /* PlaylistTransfer.swift in Sources */,
			);
			runOnlyForDeploymentPostprocessing = 0;
		};
/* End PBXSourcesBuildPhase section */

/* Begin XCBuildConfiguration section */
		81B0C85D255301AA00FC77C4 /* Debug */ = {
			isa = XCBuildConfiguration;
			buildSettings = {
				ALWAYS_SEARCH_USER_PATHS = NO;
				CLANG_ANALYZER_NONNULL = YES;
				CLANG_ANALYZER_NUMBER_OBJECT_CONVERSION = YES_AGGRESSIVE;
				CLANG_CXX_LANGUAGE_STANDARD = "gnu++14";
				CLANG_CXX_LIBRARY = "libc++";
				CLANG_ENABLE_MODULES = YES;
				CLANG_ENABLE_OBJC_ARC = YES;
				CLANG_ENABLE_OBJC_WEAK = YES;
				CLANG_WARN_BLOCK_CAPTURE_AUTORELEASING = YES;
				CLANG_WARN_BOOL_CONVERSION = YES;
				CLANG_WARN_COMMA = YES;
				CLANG_WARN_CONSTANT_CONVERSION = YES;
				CLANG_WARN_DEPRECATED_OBJC_IMPLEMENTATIONS = YES;
				CLANG_WARN_DIRECT_OBJC_ISA_USAGE = YES_ERROR;
				CLANG_WARN_DOCUMENTATION_COMMENTS = YES;
				CLANG_WARN_EMPTY_BODY = YES;
				CLANG_WARN_ENUM_CONVERSION = YES;
				CLANG_WARN_INFINITE_RECURSION = YES;
				CLANG_WARN_INT_CONVERSION = YES;
				CLANG_WARN_NON_LITERAL_NULL_CONVERSION = YES;
				CLANG_WARN_OBJC_IMPLICIT_RETAIN_SELF = YES;
				CLANG_WARN_OBJC_LITERAL_CONVERSION = YES;
				CLANG_WARN_OBJC_ROOT_CLASS = YES_ERROR;
				CLANG_WARN_QUOTED_INCLUDE_IN_FRAMEWORK_HEADER = YES;
				CLANG_WARN_RANGE_LOOP_ANALYSIS = YES;
				CLANG_WARN_STRICT_PROTOTYPES = YES;
				CLANG_WARN_SUSPICIOUS_MOVE = YES;
				CLANG_WARN_UNGUARDED_AVAILABILITY = YES_AGGRESSIVE;
				CLANG_WARN_UNREACHABLE_CODE = YES;
				CLANG_WARN__DUPLICATE_METHOD_MATCH = YES;
				COPY_PHASE_STRIP = NO;
				DEBUG_INFORMATION_FORMAT = dwarf;
				ENABLE_STRICT_OBJC_MSGSEND = YES;
				ENABLE_TESTABILITY = YES;
				GCC_C_LANGUAGE_STANDARD = gnu11;
				GCC_DYNAMIC_NO_PIC = NO;
				GCC_NO_COMMON_BLOCKS = YES;
				GCC_OPTIMIZATION_LEVEL = 0;
				GCC_PREPROCESSOR_DEFINITIONS = (
					"DEBUG=1",
					"$(inherited)",
				);
				GCC_WARN_64_TO_32_BIT_CONVERSION = YES;
				GCC_WARN_ABOUT_RETURN_TYPE = YES_ERROR;
				GCC_WARN_UNDECLARED_SELECTOR = YES;
				GCC_WARN_UNINITIALIZED_AUTOS = YES_AGGRESSIVE;
				GCC_WARN_UNUSED_FUNCTION = YES;
				GCC_WARN_UNUSED_VARIABLE = YES;
				IPHONEOS_DEPLOYMENT_TARGET = 14.2;
				MTL_ENABLE_DEBUG_INFO = INCLUDE_SOURCE;
				MTL_FAST_MATH = YES;
				ONLY_ACTIVE_ARCH = YES;
				SDKROOT = iphoneos;
				SWIFT_ACTIVE_COMPILATION_CONDITIONS = DEBUG;
				SWIFT_OPTIMIZATION_LEVEL = "-Onone";
			};
			name = Debug;
		};
		81B0C85E255301AA00FC77C4 /* Release */ = {
			isa = XCBuildConfiguration;
			buildSettings = {
				ALWAYS_SEARCH_USER_PATHS = NO;
				CLANG_ANALYZER_NONNULL = YES;
				CLANG_ANALYZER_NUMBER_OBJECT_CONVERSION = YES_AGGRESSIVE;
				CLANG_CXX_LANGUAGE_STANDARD = "gnu++14";
				CLANG_CXX_LIBRARY = "libc++";
				CLANG_ENABLE_MODULES = YES;
				CLANG_ENABLE_OBJC_ARC = YES;
				CLANG_ENABLE_OBJC_WEAK = YES;
				CLANG_WARN_BLOCK_CAPTURE_AUTORELEASING = YES;
				CLANG_WARN_BOOL_CONVERSION = YES;
				CLANG_WARN_COMMA = YES;
				CLANG_WARN_CONSTANT_CONVERSION = YES;
				CLANG_WARN_DEPRECATED_OBJC_IMPLEMENTATIONS = YES;
				CLANG_WARN_DIRECT_OBJC_ISA_USAGE = YES_ERROR;
				CLANG_WARN_DOCUMENTATION_COMMENTS = YES;
				CLANG_WARN_EMPTY_BODY = YES;
				CLANG_WARN_ENUM_CONVERSION = YES;
				CLANG_WARN_INFINITE_RECURSION = YES;
				CLANG_WARN_INT_CONVERSION = YES;
				CLANG_WARN_NON_LITERAL_NULL_CONVERSION = YES;
				CLANG_WARN_OBJC_IMPLICIT_RETAIN_SELF = YES;
				CLANG_WARN_OBJC_LITERAL_CONVERSION = YES;
				CLANG_WARN_OBJC_ROOT_CLASS = YES_ERROR;
				CLANG_WARN_QUOTED_INCLUDE_IN_FRAMEWORK_HEADER = YES;
				CLANG_WARN_RANGE_LOOP_ANALYSIS = YES;
				CLANG_WARN_STRICT_PROTOTYPES = YES;
				CLANG_WARN_SUSPICIOUS_MOVE = YES;
				CLANG_WARN_UNGUARDED_AVAILABILITY = YES_AGGRESSIVE;
				CLANG_WARN_UNREACHABLE_CODE = YES;
				CLANG_WARN__DUPLICATE_METHOD_MATCH = YES;
				COPY_PHASE_STRIP = NO;
				DEBUG_INFORMATION_FORMAT = "dwarf-with-dsym";
				ENABLE_NS_ASSERTIONS = NO;
				ENABLE_STRICT_OBJC_MSGSEND = YES;
				GCC_C_LANGUAGE_STANDARD = gnu11;
				GCC_NO_COMMON_BLOCKS = YES;
				GCC_WARN_64_TO_32_BIT_CONVERSION = YES;
				GCC_WARN_ABOUT_RETURN_TYPE = YES_ERROR;
				GCC_WARN_UNDECLARED_SELECTOR = YES;
				GCC_WARN_UNINITIALIZED_AUTOS = YES_AGGRESSIVE;
				GCC_WARN_UNUSED_FUNCTION = YES;
				GCC_WARN_UNUSED_VARIABLE = YES;
				IPHONEOS_DEPLOYMENT_TARGET = 14.2;
				MTL_ENABLE_DEBUG_INFO = NO;
				MTL_FAST_MATH = YES;
				SDKROOT = iphoneos;
				SWIFT_COMPILATION_MODE = wholemodule;
				SWIFT_OPTIMIZATION_LEVEL = "-O";
				VALIDATE_PRODUCT = YES;
			};
			name = Release;
		};
		81B0C860255301AA00FC77C4 /* Debug */ = {
			isa = XCBuildConfiguration;
			buildSettings = {
				ASSETCATALOG_COMPILER_APPICON_NAME = AppIcon;
				ASSETCATALOG_COMPILER_GLOBAL_ACCENT_COLOR_NAME = AccentColor;
				CODE_SIGN_STYLE = Automatic;
				DEVELOPMENT_ASSET_PATHS = "\"PlaylistTransfer/Preview Content\"";
				DEVELOPMENT_TEAM = 5V2DY97R54;
				ENABLE_PREVIEWS = YES;
				INFOPLIST_FILE = PlaylistTransfer/Info.plist;
				IPHONEOS_DEPLOYMENT_TARGET = 14.0;
				LD_RUNPATH_SEARCH_PATHS = (
					"$(inherited)",
					"@executable_path/Frameworks",
				);
				PRODUCT_BUNDLE_IDENTIFIER = org.dominikmack.PlaylistTransfer;
				PRODUCT_NAME = "$(TARGET_NAME)";
				SWIFT_VERSION = 5.0;
				TARGETED_DEVICE_FAMILY = "1,2";
			};
			name = Debug;
		};
		81B0C861255301AA00FC77C4 /* Release */ = {
			isa = XCBuildConfiguration;
			buildSettings = {
				ASSETCATALOG_COMPILER_APPICON_NAME = AppIcon;
				ASSETCATALOG_COMPILER_GLOBAL_ACCENT_COLOR_NAME = AccentColor;
				CODE_SIGN_STYLE = Automatic;
				DEVELOPMENT_ASSET_PATHS = "\"PlaylistTransfer/Preview Content\"";
				DEVELOPMENT_TEAM = 5V2DY97R54;
				ENABLE_PREVIEWS = YES;
				INFOPLIST_FILE = PlaylistTransfer/Info.plist;
				IPHONEOS_DEPLOYMENT_TARGET = 14.0;
				LD_RUNPATH_SEARCH_PATHS = (
					"$(inherited)",
					"@executable_path/Frameworks",
				);
				PRODUCT_BUNDLE_IDENTIFIER = org.dominikmack.PlaylistTransfer;
				PRODUCT_NAME = "$(TARGET_NAME)";
				SWIFT_VERSION = 5.0;
				TARGETED_DEVICE_FAMILY = "1,2";
			};
			name = Release;
		};
/* End XCBuildConfiguration section */

/* Begin XCConfigurationList section */
		81B0C84B255301A800FC77C4 /* Build configuration list for PBXProject "PlaylistTransfer" */ = {
			isa = XCConfigurationList;
			buildConfigurations = (
				81B0C85D255301AA00FC77C4 /* Debug */,
				81B0C85E255301AA00FC77C4 /* Release */,
			);
			defaultConfigurationIsVisible = 0;
			defaultConfigurationName = Release;
		};
		81B0C85F255301AA00FC77C4 /* Build configuration list for PBXNativeTarget "PlaylistTransfer" */ = {
			isa = XCConfigurationList;
			buildConfigurations = (
				81B0C860255301AA00FC77C4 /* Debug */,
				81B0C861255301AA00FC77C4 /* Release */,
			);
			defaultConfigurationIsVisible = 0;
			defaultConfigurationName = Release;
		};
/* End XCConfigurationList section */
	};
	rootObject = 81B0C848255301A800FC77C4 /* Project object */;
}
